
Microsoft Visual Studio Solution File, Format Version 12.00
# Visual Studio Version 17
VisualStudioVersion = 17.11.35312.102
MinimumVisualStudioVersion = 10.0.40219.1
Project("{FAE04EC0-301F-11D3-BF4B-00C04F79EFBC}") = "soru 7", "soru 7\soru 7.csproj", "{7B14AB24-A729-4EC4-8EDD-0C9D4BA49CE6}"
EndProject
Global
	GlobalSection(SolutionConfigurationPlatforms) = preSolution
		Debug|Any CPU = Debug|Any CPU
		Release|Any CPU = Release|Any CPU
	EndGlobalSection
	GlobalSection(ProjectConfigurationPlatforms) = postSolution
		{7B14AB24-A729-4EC4-8EDD-0C9D4BA49CE6}.Debug|Any CPU.ActiveCfg = Debug|Any CPU
		{7B14AB24-A729-4EC4-8EDD-0C9D4BA49CE6}.Debug|Any CPU.Build.0 = Debug|Any CPU
		{7B14AB24-A729-4EC4-8EDD-0C9D4BA49CE6}.Release|Any CPU.ActiveCfg = Release|Any CPU
		{7B14AB24-A729-4EC4-8EDD-0C9D4BA49CE6}.Release|Any CPU.Build.0 = Release|Any CPU
	EndGlobalSection
	GlobalSection(SolutionProperties) = preSolution
		HideSolutionNode = FALSE
	EndGlobalSection
	GlobalSection(ExtensibilityGlobals) = postSolution
		SolutionGuid = {4EB29FD9-B77D-41BC-9C25-12648BA97348}
	EndGlobalSection
EndGlobal
