
Microsoft Visual Studio Solution File, Format Version 12.00
# Visual Studio Version 17
VisualStudioVersion = 17.11.35312.102
MinimumVisualStudioVersion = 10.0.40219.1
Project("{FAE04EC0-301F-11D3-BF4B-00C04F79EFBC}") = "soru 4", "soru 4\soru 4.csproj", "{288DF71A-C5E6-4F49-A128-E75932A9D671}"
EndProject
Global
	GlobalSection(SolutionConfigurationPlatforms) = preSolution
		Debug|Any CPU = Debug|Any CPU
		Release|Any CPU = Release|Any CPU
	EndGlobalSection
	GlobalSection(ProjectConfigurationPlatforms) = postSolution
		{288DF71A-C5E6-4F49-A128-E75932A9D671}.Debug|Any CPU.ActiveCfg = Debug|Any CPU
		{288DF71A-C5E6-4F49-A128-E75932A9D671}.Debug|Any CPU.Build.0 = Debug|Any CPU
		{288DF71A-C5E6-4F49-A128-E75932A9D671}.Release|Any CPU.ActiveCfg = Release|Any CPU
		{288DF71A-C5E6-4F49-A128-E75932A9D671}.Release|Any CPU.Build.0 = Release|Any CPU
	EndGlobalSection
	GlobalSection(SolutionProperties) = preSolution
		HideSolutionNode = FALSE
	EndGlobalSection
	GlobalSection(ExtensibilityGlobals) = postSolution
		SolutionGuid = {88CB0351-60C3-4941-83F7-B710192E00E9}
	EndGlobalSection
EndGlobal
