
Microsoft Visual Studio Solution File, Format Version 12.00
# Visual Studio Version 17
VisualStudioVersion = 17.12.35506.116 d17.12
MinimumVisualStudioVersion = 10.0.40219.1
Project("{FAE04EC0-301F-11D3-BF4B-00C04F79EFBC}") = "5. Hafta Uygulaması", "5. Hafta Uygulaması\5. Hafta Uygulaması.csproj", "{C7622C61-4678-4DF8-A1F0-44B16A29045D}"
EndProject
Global
	GlobalSection(SolutionConfigurationPlatforms) = preSolution
		Debug|Any CPU = Debug|Any CPU
		Release|Any CPU = Release|Any CPU
	EndGlobalSection
	GlobalSection(ProjectConfigurationPlatforms) = postSolution
		{C7622C61-4678-4DF8-A1F0-44B16A29045D}.Debug|Any CPU.ActiveCfg = Debug|Any CPU
		{C7622C61-4678-4DF8-A1F0-44B16A29045D}.Debug|Any CPU.Build.0 = Debug|Any CPU
		{C7622C61-4678-4DF8-A1F0-44B16A29045D}.Release|Any CPU.ActiveCfg = Release|Any CPU
		{C7622C61-4678-4DF8-A1F0-44B16A29045D}.Release|Any CPU.Build.0 = Release|Any CPU
	EndGlobalSection
	GlobalSection(SolutionProperties) = preSolution
		HideSolutionNode = FALSE
	EndGlobalSection
EndGlobal
